
Microsoft Visual Studio Solution File, Format Version 12.00
# Visual Studio Version 16
VisualStudioVersion = 16.0.30320.27
MinimumVisualStudioVersion = 10.0.40219.1
Project("{2150E333-8FDC-42A3-9474-1A3956D46DE8}") = "src", "src", "{C92BCDA9-ED18-4EA2-BEA9-14031FE86591}"
EndProject
Project("{2150E333-8FDC-42A3-9474-1A3956D46DE8}") = "test", "test", "{D24DA4A0-85DA-4C59-BECC-55A9B66C35FD}"
EndProject
Project("{2150E333-8FDC-42A3-9474-1A3956D46DE8}") = "_runsettings", "_runsettings", "{2D5C4D8B-6771-4D8C-9F81-170FA42BF12C}"
	ProjectSection(SolutionItems) = preProject
		settings\default.runsettings = settings\default.runsettings
		settings\local.runsettings = settings\local.runsettings
		settings\template.runsettings = settings\template.runsettings
	EndProjectSection
EndProject
Project("{2150E333-8FDC-42A3-9474-1A3956D46DE8}") = "core", "core", "{FEFF7CD2-544F-404D-BDF0-5E9A63953F18}"
EndProject
Project("{2150E333-8FDC-42A3-9474-1A3956D46DE8}") = "plugins", "plugins", "{187B739C-35E4-4F43-8F3F-79AEF8B0C124}"
EndProject
Project("{9A19103F-16F7-4668-BE54-9A1E7A4F7556}") = "OnTrial.Logger", "src\core\OnTrial.Logger\OnTrial.Logger.csproj", "{3AEE42F2-A990-4511-A35C-A665E7A7C6D2}"
EndProject
Project("{2150E333-8FDC-42A3-9474-1A3956D46DE8}") = "workflow", "workflow", "{8098E001-45BA-43BD-ACFF-5E320E642D5C}"
EndProject
Project("{2150E333-8FDC-42A3-9474-1A3956D46DE8}") = "tcm", "tcm", "{D920311F-B96A-4B47-905B-4507BC799321}"
EndProject
Project("{2150E333-8FDC-42A3-9474-1A3956D46DE8}") = "utf", "utf", "{77527C53-3977-4703-BEB6-4ADE5E1A5DE0}"
EndProject
Project("{2150E333-8FDC-42A3-9474-1A3956D46DE8}") = "mstest", "mstest", "{D991D271-11D2-420E-A006-FD6103DD03CA}"
EndProject
Project("{9A19103F-16F7-4668-BE54-9A1E7A4F7556}") = "OnTrial.Actions", "src\core\OnTrial.Actions\OnTrial.Actions.csproj", "{A4D85686-85F3-4044-B3BE-FB98DC213BA8}"
EndProject
Project("{9A19103F-16F7-4668-BE54-9A1E7A4F7556}") = "OnTrial.ADO", "src\plugins\tcm\OnTrial.TCM.AzureDevOps\OnTrial.ADO.csproj", "{6052396F-124D-4EE9-9354-261D6B5626DC}"
EndProject
Project("{9A19103F-16F7-4668-BE54-9A1E7A4F7556}") = "OnTrial.Workflow.Web", "src\plugins\workflow\OnTrial.Workflow.Web\OnTrial.Workflow.Web.csproj", "{A1BF296D-3C0E-401A-9D86-75F158632E39}"
EndProject
Project("{9A19103F-16F7-4668-BE54-9A1E7A4F7556}") = "OnTrial.Workflow.Desktop", "src\plugins\workflow\OnTrial.Workflow.Desktop\OnTrial.Workflow.Desktop.csproj", "{770F81F7-128D-4095-AC11-D457EBF4A7B4}"
EndProject
Project("{2150E333-8FDC-42A3-9474-1A3956D46DE8}") = "nunit", "nunit", "{EC17FCD7-026B-460D-A9D3-E276D039DF96}"
EndProject
Project("{2150E333-8FDC-42A3-9474-1A3956D46DE8}") = "bdd", "bdd", "{9983A326-B268-47AB-8B3C-0D4A4C06DCA9}"
EndProject
Project("{2150E333-8FDC-42A3-9474-1A3956D46DE8}") = "doc", "doc", "{DD78FE7E-6D5D-4090-BA08-1A6B6FC63240}"
EndProject
Project("{2150E333-8FDC-42A3-9474-1A3956D46DE8}") = "web", "web", "{ECCFD8F4-4E63-4406-920E-0D18263FD3FA}"
EndProject
Project("{9A19103F-16F7-4668-BE54-9A1E7A4F7556}") = "OnTrial.SpecFlow.Web.Test", "test\web\OnTrial.SpecFlow.Web.Test\OnTrial.SpecFlow.Web.Test.csproj", "{5DD21693-44D4-472A-8ADC-0E616B7C5032}"
EndProject
Project("{9A19103F-16F7-4668-BE54-9A1E7A4F7556}") = "OnTrial.Web.Tests", "test\web\OnTrial.Web.Tests\OnTrial.Web.Tests.csproj", "{B36AFB0A-0027-4371-89E0-AEDF2DDD78EF}"
EndProject
Project("{2150E333-8FDC-42A3-9474-1A3956D46DE8}") = "desktop", "desktop", "{2478192C-9788-40F8-81B5-30E0C839C45E}"
EndProject
Project("{9A19103F-16F7-4668-BE54-9A1E7A4F7556}") = "OnTrial.Desktop.Tests", "test\desktop\OnTrial.Desktop.Tests\OnTrial.Desktop.Tests.csproj", "{3026B362-D78C-4EAF-AEBD-FB7AF2796E5E}"
EndProject
Project("{9A19103F-16F7-4668-BE54-9A1E7A4F7556}") = "OnTrial", "src\core\OnTrial\OnTrial.csproj", "{08247948-7AC5-484A-80F1-44C20FE04E35}"
EndProject
Project("{9A19103F-16F7-4668-BE54-9A1E7A4F7556}") = "OnTrial.Specflow", "src\plugins\bdd\OnTrial.Specflow\OnTrial.Specflow.csproj", "{43074FF7-1469-4D37-AA18-1D1CC8966731}"
EndProject
Project("{9A19103F-16F7-4668-BE54-9A1E7A4F7556}") = "OnTrial.Specflow.MSTest", "src\plugins\bdd\OnTrial.Specflow.MSTest\OnTrial.Specflow.MSTest.csproj", "{EC40E513-F5C2-45B3-B8B7-4026AE1F08DF}"
EndProject
Project("{9A19103F-16F7-4668-BE54-9A1E7A4F7556}") = "OnTrial.Specflow.Web", "src\plugins\bdd\OnTrial.Specflow.Web\OnTrial.Specflow.Web.csproj", "{467826D7-7746-4DAB-82D2-E64A646751B3}"
EndProject
Project("{9A19103F-16F7-4668-BE54-9A1E7A4F7556}") = "OnTrial.Workflow", "src\plugins\workflow\OnTrial.Workflow\OnTrial.Workflow.csproj", "{AE1890A9-2EB1-479E-A775-AE57A63C5CB0}"
EndProject
Project("{9A19103F-16F7-4668-BE54-9A1E7A4F7556}") = "OnTrial.MSTest.Web", "src\plugins\utf\mstest\OnTrial.MSTest.Web\OnTrial.MSTest.Web.csproj", "{5896A2D4-FC75-46AB-B396-CCE42B4DA894}"
EndProject
Project("{9A19103F-16F7-4668-BE54-9A1E7A4F7556}") = "OnTrial.MSTest.Desktop", "src\plugins\utf\mstest\OnTrial.MSTest.Desktop\OnTrial.MSTest.Desktop.csproj", "{E58B3158-EE17-4C10-A45A-3A7FDA2F782F}"
EndProject
Project("{9A19103F-16F7-4668-BE54-9A1E7A4F7556}") = "OnTrial.MSTest", "src\plugins\utf\mstest\OnTrial.MSTest\OnTrial.MSTest.csproj", "{4334F750-0AA0-4937-8FE7-438380B5AF25}"
EndProject
Project("{9A19103F-16F7-4668-BE54-9A1E7A4F7556}") = "OnTrial.NUnit", "src\plugins\utf\nunit\OnTrial.NUnit\OnTrial.NUnit.csproj", "{F60B2966-14DB-4BC0-9832-C711F1EFB621}"
EndProject
Project("{2150E333-8FDC-42A3-9474-1A3956D46DE8}") = "core", "core", "{8FF5963A-C601-44CF-88AB-AEECBAEC7D50}"
EndProject
Project("{2150E333-8FDC-42A3-9474-1A3956D46DE8}") = "atd", "atd", "{B2901A95-57A1-47FF-BEA9-0D9EDB023177}"
EndProject
Project("{2150E333-8FDC-42A3-9474-1A3956D46DE8}") = "default", "default", "{D807B8B1-29C1-460E-8F34-1026DEA82BE2}"
EndProject
Project("{2150E333-8FDC-42A3-9474-1A3956D46DE8}") = "selenium", "selenium", "{850F03F7-CC49-47D2-91F8-40AF4BB971E5}"
EndProject
Project("{2150E333-8FDC-42A3-9474-1A3956D46DE8}") = "web", "web", "{D768407F-2412-4566-B950-35AE4ED683A6}"
EndProject
Project("{2150E333-8FDC-42A3-9474-1A3956D46DE8}") = "desktop", "desktop", "{990FD088-C3EC-40F6-8FD0-BCDDDE043700}"
EndProject
Project("{2150E333-8FDC-42A3-9474-1A3956D46DE8}") = "appium", "appium", "{E912BF87-C952-497F-B90D-346651AA8B37}"
EndProject
Project("{2150E333-8FDC-42A3-9474-1A3956D46DE8}") = "mobile", "mobile", "{AF3C94A9-4671-4EBD-8AE3-3D3FCF52863D}"
EndProject
Project("{9A19103F-16F7-4668-BE54-9A1E7A4F7556}") = "OnTrial.Selenium", "src\plugins\atd\selenium\OnTrial.Selenium\OnTrial.Selenium.csproj", "{21157F68-6DF3-4243-A188-A5FE4C030345}"
EndProject
Project("{9A19103F-16F7-4668-BE54-9A1E7A4F7556}") = "OnTrial.Selenium.Chrome", "src\plugins\atd\selenium\OnTrial.Selenium.Chrome\OnTrial.Selenium.Chrome.csproj", "{A4B6A1BF-AB06-4105-881A-174B6E602F37}"
EndProject
Project("{9A19103F-16F7-4668-BE54-9A1E7A4F7556}") = "OnTrial.Desktop.Default", "src\plugins\atd\default\desktop\OnTrial.Desktop.Default\OnTrial.Desktop.Default.csproj", "{E7B5FD5C-13A6-462A-A89D-2FD735F5436D}"
EndProject
Project("{9A19103F-16F7-4668-BE54-9A1E7A4F7556}") = "OnTrial.Web.Default", "src\plugins\atd\default\web\OnTrial.Web.Default\OnTrial.Web.Default.csproj", "{3E9AA0ED-2A92-439F-836F-6ED81D588DA2}"
EndProject
Project("{9A19103F-16F7-4668-BE54-9A1E7A4F7556}") = "OnTrial.Web.Default.Chrome", "src\plugins\atd\default\web\OnTrial.Web.Default.Chrome\OnTrial.Web.Default.Chrome.csproj", "{975C4C93-4F56-4217-AFFF-9D7F0084578B}"
EndProject
Project("{9A19103F-16F7-4668-BE54-9A1E7A4F7556}") = "OnTrial.Selenium.Edge", "src\plugins\atd\selenium\OnTrial.Selenium.Edge\OnTrial.Selenium.Edge.csproj", "{9BDA8F63-BC9E-492F-9B49-8E4D09FED960}"
EndProject
Project("{9A19103F-16F7-4668-BE54-9A1E7A4F7556}") = "OnTrial.Desktop.Default.Windows", "src\plugins\atd\default\desktop\OnTrial.Desktop.Default.Windows\OnTrial.Desktop.Default.Windows.csproj", "{6DE4777F-1D78-450D-B4FA-10A4D59A29C9}"
EndProject
Project("{9A19103F-16F7-4668-BE54-9A1E7A4F7556}") = "OnTrial.Desktop", "src\plugins\atd\core\OnTrial.Desktop\OnTrial.Desktop.csproj", "{ACE230A5-FCCC-4BE2-AC70-9F206F1DC86B}"
EndProject
Project("{9A19103F-16F7-4668-BE54-9A1E7A4F7556}") = "OnTrial.Web", "src\plugins\atd\core\OnTrial.Web\OnTrial.Web.csproj", "{670B359E-25FF-446B-B1B2-DE7A802C7016}"
EndProject
Project("{9A19103F-16F7-4668-BE54-9A1E7A4F7556}") = "OnTrial.Web.Default.Edge", "src\plugins\atd\default\web\OnTrial.Web.Default.Edge\OnTrial.Web.Default.Edge.csproj", "{222BD65C-B25C-4089-90A2-F4B5C1F4D9FF}"
EndProject
Project("{9A19103F-16F7-4668-BE54-9A1E7A4F7556}") = "OnTrial.Web.Default.IE", "src\plugins\atd\default\web\OnTrial.Web.Default.IE\OnTrial.Web.Default.IE.csproj", "{C63441D7-541B-4123-9D87-51606FD59B80}"
EndProject
Project("{9A19103F-16F7-4668-BE54-9A1E7A4F7556}") = "OnTrial.Selenium.IE", "src\plugins\atd\selenium\OnTrial.Selenium.IE\OnTrial.Selenium.IE.csproj", "{D8D361A1-02A3-4FAB-B95A-5314AD7F336C}"
EndProject
Global
	GlobalSection(SolutionConfigurationPlatforms) = preSolution
		Debug|Any CPU = Debug|Any CPU
		Release|Any CPU = Release|Any CPU
	EndGlobalSection
	GlobalSection(ProjectConfigurationPlatforms) = postSolution
		{3AEE42F2-A990-4511-A35C-A665E7A7C6D2}.Debug|Any CPU.ActiveCfg = Debug|Any CPU
		{3AEE42F2-A990-4511-A35C-A665E7A7C6D2}.Debug|Any CPU.Build.0 = Debug|Any CPU
		{3AEE42F2-A990-4511-A35C-A665E7A7C6D2}.Release|Any CPU.ActiveCfg = Release|Any CPU
		{3AEE42F2-A990-4511-A35C-A665E7A7C6D2}.Release|Any CPU.Build.0 = Release|Any CPU
		{A4D85686-85F3-4044-B3BE-FB98DC213BA8}.Debug|Any CPU.ActiveCfg = Debug|Any CPU
		{A4D85686-85F3-4044-B3BE-FB98DC213BA8}.Debug|Any CPU.Build.0 = Debug|Any CPU
		{A4D85686-85F3-4044-B3BE-FB98DC213BA8}.Release|Any CPU.ActiveCfg = Release|Any CPU
		{A4D85686-85F3-4044-B3BE-FB98DC213BA8}.Release|Any CPU.Build.0 = Release|Any CPU
		{6052396F-124D-4EE9-9354-261D6B5626DC}.Debug|Any CPU.ActiveCfg = Debug|Any CPU
		{6052396F-124D-4EE9-9354-261D6B5626DC}.Debug|Any CPU.Build.0 = Debug|Any CPU
		{6052396F-124D-4EE9-9354-261D6B5626DC}.Release|Any CPU.ActiveCfg = Release|Any CPU
		{6052396F-124D-4EE9-9354-261D6B5626DC}.Release|Any CPU.Build.0 = Release|Any CPU
		{A1BF296D-3C0E-401A-9D86-75F158632E39}.Debug|Any CPU.ActiveCfg = Debug|Any CPU
		{A1BF296D-3C0E-401A-9D86-75F158632E39}.Debug|Any CPU.Build.0 = Debug|Any CPU
		{A1BF296D-3C0E-401A-9D86-75F158632E39}.Release|Any CPU.ActiveCfg = Release|Any CPU
		{A1BF296D-3C0E-401A-9D86-75F158632E39}.Release|Any CPU.Build.0 = Release|Any CPU
		{770F81F7-128D-4095-AC11-D457EBF4A7B4}.Debug|Any CPU.ActiveCfg = Debug|Any CPU
		{770F81F7-128D-4095-AC11-D457EBF4A7B4}.Debug|Any CPU.Build.0 = Debug|Any CPU
		{770F81F7-128D-4095-AC11-D457EBF4A7B4}.Release|Any CPU.ActiveCfg = Release|Any CPU
		{770F81F7-128D-4095-AC11-D457EBF4A7B4}.Release|Any CPU.Build.0 = Release|Any CPU
		{5DD21693-44D4-472A-8ADC-0E616B7C5032}.Debug|Any CPU.ActiveCfg = Debug|Any CPU
		{5DD21693-44D4-472A-8ADC-0E616B7C5032}.Debug|Any CPU.Build.0 = Debug|Any CPU
		{5DD21693-44D4-472A-8ADC-0E616B7C5032}.Release|Any CPU.ActiveCfg = Release|Any CPU
		{5DD21693-44D4-472A-8ADC-0E616B7C5032}.Release|Any CPU.Build.0 = Release|Any CPU
		{B36AFB0A-0027-4371-89E0-AEDF2DDD78EF}.Debug|Any CPU.ActiveCfg = Debug|Any CPU
		{B36AFB0A-0027-4371-89E0-AEDF2DDD78EF}.Debug|Any CPU.Build.0 = Debug|Any CPU
		{B36AFB0A-0027-4371-89E0-AEDF2DDD78EF}.Release|Any CPU.ActiveCfg = Release|Any CPU
		{B36AFB0A-0027-4371-89E0-AEDF2DDD78EF}.Release|Any CPU.Build.0 = Release|Any CPU
		{3026B362-D78C-4EAF-AEBD-FB7AF2796E5E}.Debug|Any CPU.ActiveCfg = Debug|Any CPU
		{3026B362-D78C-4EAF-AEBD-FB7AF2796E5E}.Debug|Any CPU.Build.0 = Debug|Any CPU
		{3026B362-D78C-4EAF-AEBD-FB7AF2796E5E}.Release|Any CPU.ActiveCfg = Release|Any CPU
		{3026B362-D78C-4EAF-AEBD-FB7AF2796E5E}.Release|Any CPU.Build.0 = Release|Any CPU
		{08247948-7AC5-484A-80F1-44C20FE04E35}.Debug|Any CPU.ActiveCfg = Debug|Any CPU
		{08247948-7AC5-484A-80F1-44C20FE04E35}.Debug|Any CPU.Build.0 = Debug|Any CPU
		{08247948-7AC5-484A-80F1-44C20FE04E35}.Release|Any CPU.ActiveCfg = Release|Any CPU
		{08247948-7AC5-484A-80F1-44C20FE04E35}.Release|Any CPU.Build.0 = Release|Any CPU
		{43074FF7-1469-4D37-AA18-1D1CC8966731}.Debug|Any CPU.ActiveCfg = Debug|Any CPU
		{43074FF7-1469-4D37-AA18-1D1CC8966731}.Debug|Any CPU.Build.0 = Debug|Any CPU
		{43074FF7-1469-4D37-AA18-1D1CC8966731}.Release|Any CPU.ActiveCfg = Release|Any CPU
		{43074FF7-1469-4D37-AA18-1D1CC8966731}.Release|Any CPU.Build.0 = Release|Any CPU
		{EC40E513-F5C2-45B3-B8B7-4026AE1F08DF}.Debug|Any CPU.ActiveCfg = Debug|Any CPU
		{EC40E513-F5C2-45B3-B8B7-4026AE1F08DF}.Debug|Any CPU.Build.0 = Debug|Any CPU
		{EC40E513-F5C2-45B3-B8B7-4026AE1F08DF}.Release|Any CPU.ActiveCfg = Release|Any CPU
		{EC40E513-F5C2-45B3-B8B7-4026AE1F08DF}.Release|Any CPU.Build.0 = Release|Any CPU
		{467826D7-7746-4DAB-82D2-E64A646751B3}.Debug|Any CPU.ActiveCfg = Debug|Any CPU
		{467826D7-7746-4DAB-82D2-E64A646751B3}.Debug|Any CPU.Build.0 = Debug|Any CPU
		{467826D7-7746-4DAB-82D2-E64A646751B3}.Release|Any CPU.ActiveCfg = Release|Any CPU
		{467826D7-7746-4DAB-82D2-E64A646751B3}.Release|Any CPU.Build.0 = Release|Any CPU
		{AE1890A9-2EB1-479E-A775-AE57A63C5CB0}.Debug|Any CPU.ActiveCfg = Debug|Any CPU
		{AE1890A9-2EB1-479E-A775-AE57A63C5CB0}.Debug|Any CPU.Build.0 = Debug|Any CPU
		{AE1890A9-2EB1-479E-A775-AE57A63C5CB0}.Release|Any CPU.ActiveCfg = Release|Any CPU
		{AE1890A9-2EB1-479E-A775-AE57A63C5CB0}.Release|Any CPU.Build.0 = Release|Any CPU
		{5896A2D4-FC75-46AB-B396-CCE42B4DA894}.Debug|Any CPU.ActiveCfg = Debug|Any CPU
		{5896A2D4-FC75-46AB-B396-CCE42B4DA894}.Debug|Any CPU.Build.0 = Debug|Any CPU
		{5896A2D4-FC75-46AB-B396-CCE42B4DA894}.Release|Any CPU.ActiveCfg = Release|Any CPU
		{5896A2D4-FC75-46AB-B396-CCE42B4DA894}.Release|Any CPU.Build.0 = Release|Any CPU
		{E58B3158-EE17-4C10-A45A-3A7FDA2F782F}.Debug|Any CPU.ActiveCfg = Debug|Any CPU
		{E58B3158-EE17-4C10-A45A-3A7FDA2F782F}.Debug|Any CPU.Build.0 = Debug|Any CPU
		{E58B3158-EE17-4C10-A45A-3A7FDA2F782F}.Release|Any CPU.ActiveCfg = Release|Any CPU
		{E58B3158-EE17-4C10-A45A-3A7FDA2F782F}.Release|Any CPU.Build.0 = Release|Any CPU
		{4334F750-0AA0-4937-8FE7-438380B5AF25}.Debug|Any CPU.ActiveCfg = Debug|Any CPU
		{4334F750-0AA0-4937-8FE7-438380B5AF25}.Debug|Any CPU.Build.0 = Debug|Any CPU
		{4334F750-0AA0-4937-8FE7-438380B5AF25}.Release|Any CPU.ActiveCfg = Release|Any CPU
		{4334F750-0AA0-4937-8FE7-438380B5AF25}.Release|Any CPU.Build.0 = Release|Any CPU
		{F60B2966-14DB-4BC0-9832-C711F1EFB621}.Debug|Any CPU.ActiveCfg = Debug|Any CPU
		{F60B2966-14DB-4BC0-9832-C711F1EFB621}.Debug|Any CPU.Build.0 = Debug|Any CPU
		{F60B2966-14DB-4BC0-9832-C711F1EFB621}.Release|Any CPU.ActiveCfg = Release|Any CPU
		{F60B2966-14DB-4BC0-9832-C711F1EFB621}.Release|Any CPU.Build.0 = Release|Any CPU
		{21157F68-6DF3-4243-A188-A5FE4C030345}.Debug|Any CPU.ActiveCfg = Debug|Any CPU
		{21157F68-6DF3-4243-A188-A5FE4C030345}.Debug|Any CPU.Build.0 = Debug|Any CPU
		{21157F68-6DF3-4243-A188-A5FE4C030345}.Release|Any CPU.ActiveCfg = Release|Any CPU
		{21157F68-6DF3-4243-A188-A5FE4C030345}.Release|Any CPU.Build.0 = Release|Any CPU
		{A4B6A1BF-AB06-4105-881A-174B6E602F37}.Debug|Any CPU.ActiveCfg = Debug|Any CPU
		{A4B6A1BF-AB06-4105-881A-174B6E602F37}.Debug|Any CPU.Build.0 = Debug|Any CPU
		{A4B6A1BF-AB06-4105-881A-174B6E602F37}.Release|Any CPU.ActiveCfg = Release|Any CPU
		{A4B6A1BF-AB06-4105-881A-174B6E602F37}.Release|Any CPU.Build.0 = Release|Any CPU
		{E7B5FD5C-13A6-462A-A89D-2FD735F5436D}.Debug|Any CPU.ActiveCfg = Debug|Any CPU
		{E7B5FD5C-13A6-462A-A89D-2FD735F5436D}.Debug|Any CPU.Build.0 = Debug|Any CPU
		{E7B5FD5C-13A6-462A-A89D-2FD735F5436D}.Release|Any CPU.ActiveCfg = Release|Any CPU
		{E7B5FD5C-13A6-462A-A89D-2FD735F5436D}.Release|Any CPU.Build.0 = Release|Any CPU
		{3E9AA0ED-2A92-439F-836F-6ED81D588DA2}.Debug|Any CPU.ActiveCfg = Debug|Any CPU
		{3E9AA0ED-2A92-439F-836F-6ED81D588DA2}.Debug|Any CPU.Build.0 = Debug|Any CPU
		{3E9AA0ED-2A92-439F-836F-6ED81D588DA2}.Release|Any CPU.ActiveCfg = Release|Any CPU
		{3E9AA0ED-2A92-439F-836F-6ED81D588DA2}.Release|Any CPU.Build.0 = Release|Any CPU
		{975C4C93-4F56-4217-AFFF-9D7F0084578B}.Debug|Any CPU.ActiveCfg = Debug|Any CPU
		{975C4C93-4F56-4217-AFFF-9D7F0084578B}.Debug|Any CPU.Build.0 = Debug|Any CPU
		{975C4C93-4F56-4217-AFFF-9D7F0084578B}.Release|Any CPU.ActiveCfg = Release|Any CPU
		{975C4C93-4F56-4217-AFFF-9D7F0084578B}.Release|Any CPU.Build.0 = Release|Any CPU
		{9BDA8F63-BC9E-492F-9B49-8E4D09FED960}.Debug|Any CPU.ActiveCfg = Debug|Any CPU
		{9BDA8F63-BC9E-492F-9B49-8E4D09FED960}.Debug|Any CPU.Build.0 = Debug|Any CPU
		{9BDA8F63-BC9E-492F-9B49-8E4D09FED960}.Release|Any CPU.ActiveCfg = Release|Any CPU
		{9BDA8F63-BC9E-492F-9B49-8E4D09FED960}.Release|Any CPU.Build.0 = Release|Any CPU
		{6DE4777F-1D78-450D-B4FA-10A4D59A29C9}.Debug|Any CPU.ActiveCfg = Debug|Any CPU
		{6DE4777F-1D78-450D-B4FA-10A4D59A29C9}.Debug|Any CPU.Build.0 = Debug|Any CPU
		{6DE4777F-1D78-450D-B4FA-10A4D59A29C9}.Release|Any CPU.ActiveCfg = Release|Any CPU
		{6DE4777F-1D78-450D-B4FA-10A4D59A29C9}.Release|Any CPU.Build.0 = Release|Any CPU
		{ACE230A5-FCCC-4BE2-AC70-9F206F1DC86B}.Debug|Any CPU.ActiveCfg = Debug|Any CPU
		{ACE230A5-FCCC-4BE2-AC70-9F206F1DC86B}.Debug|Any CPU.Build.0 = Debug|Any CPU
		{ACE230A5-FCCC-4BE2-AC70-9F206F1DC86B}.Release|Any CPU.ActiveCfg = Release|Any CPU
		{ACE230A5-FCCC-4BE2-AC70-9F206F1DC86B}.Release|Any CPU.Build.0 = Release|Any CPU
		{670B359E-25FF-446B-B1B2-DE7A802C7016}.Debug|Any CPU.ActiveCfg = Debug|Any CPU
		{670B359E-25FF-446B-B1B2-DE7A802C7016}.Debug|Any CPU.Build.0 = Debug|Any CPU
		{670B359E-25FF-446B-B1B2-DE7A802C7016}.Release|Any CPU.ActiveCfg = Release|Any CPU
		{670B359E-25FF-446B-B1B2-DE7A802C7016}.Release|Any CPU.Build.0 = Release|Any CPU
		{222BD65C-B25C-4089-90A2-F4B5C1F4D9FF}.Debug|Any CPU.ActiveCfg = Debug|Any CPU
		{222BD65C-B25C-4089-90A2-F4B5C1F4D9FF}.Debug|Any CPU.Build.0 = Debug|Any CPU
		{222BD65C-B25C-4089-90A2-F4B5C1F4D9FF}.Release|Any CPU.ActiveCfg = Release|Any CPU
		{222BD65C-B25C-4089-90A2-F4B5C1F4D9FF}.Release|Any CPU.Build.0 = Release|Any CPU
		{C63441D7-541B-4123-9D87-51606FD59B80}.Debug|Any CPU.ActiveCfg = Debug|Any CPU
		{C63441D7-541B-4123-9D87-51606FD59B80}.Debug|Any CPU.Build.0 = Debug|Any CPU
		{C63441D7-541B-4123-9D87-51606FD59B80}.Release|Any CPU.ActiveCfg = Release|Any CPU
		{C63441D7-541B-4123-9D87-51606FD59B80}.Release|Any CPU.Build.0 = Release|Any CPU
		{D8D361A1-02A3-4FAB-B95A-5314AD7F336C}.Debug|Any CPU.ActiveCfg = Debug|Any CPU
		{D8D361A1-02A3-4FAB-B95A-5314AD7F336C}.Debug|Any CPU.Build.0 = Debug|Any CPU
		{D8D361A1-02A3-4FAB-B95A-5314AD7F336C}.Release|Any CPU.ActiveCfg = Release|Any CPU
		{D8D361A1-02A3-4FAB-B95A-5314AD7F336C}.Release|Any CPU.Build.0 = Release|Any CPU
	EndGlobalSection
	GlobalSection(SolutionProperties) = preSolution
		HideSolutionNode = FALSE
	EndGlobalSection
	GlobalSection(NestedProjects) = preSolution
		{FEFF7CD2-544F-404D-BDF0-5E9A63953F18} = {C92BCDA9-ED18-4EA2-BEA9-14031FE86591}
		{187B739C-35E4-4F43-8F3F-79AEF8B0C124} = {C92BCDA9-ED18-4EA2-BEA9-14031FE86591}
		{3AEE42F2-A990-4511-A35C-A665E7A7C6D2} = {FEFF7CD2-544F-404D-BDF0-5E9A63953F18}
		{8098E001-45BA-43BD-ACFF-5E320E642D5C} = {187B739C-35E4-4F43-8F3F-79AEF8B0C124}
		{D920311F-B96A-4B47-905B-4507BC799321} = {187B739C-35E4-4F43-8F3F-79AEF8B0C124}
		{77527C53-3977-4703-BEB6-4ADE5E1A5DE0} = {187B739C-35E4-4F43-8F3F-79AEF8B0C124}
		{D991D271-11D2-420E-A006-FD6103DD03CA} = {77527C53-3977-4703-BEB6-4ADE5E1A5DE0}
		{A4D85686-85F3-4044-B3BE-FB98DC213BA8} = {FEFF7CD2-544F-404D-BDF0-5E9A63953F18}
		{6052396F-124D-4EE9-9354-261D6B5626DC} = {D920311F-B96A-4B47-905B-4507BC799321}
		{A1BF296D-3C0E-401A-9D86-75F158632E39} = {8098E001-45BA-43BD-ACFF-5E320E642D5C}
		{770F81F7-128D-4095-AC11-D457EBF4A7B4} = {8098E001-45BA-43BD-ACFF-5E320E642D5C}
		{EC17FCD7-026B-460D-A9D3-E276D039DF96} = {77527C53-3977-4703-BEB6-4ADE5E1A5DE0}
		{9983A326-B268-47AB-8B3C-0D4A4C06DCA9} = {187B739C-35E4-4F43-8F3F-79AEF8B0C124}
		{ECCFD8F4-4E63-4406-920E-0D18263FD3FA} = {D24DA4A0-85DA-4C59-BECC-55A9B66C35FD}
		{5DD21693-44D4-472A-8ADC-0E616B7C5032} = {ECCFD8F4-4E63-4406-920E-0D18263FD3FA}
		{B36AFB0A-0027-4371-89E0-AEDF2DDD78EF} = {ECCFD8F4-4E63-4406-920E-0D18263FD3FA}
		{2478192C-9788-40F8-81B5-30E0C839C45E} = {D24DA4A0-85DA-4C59-BECC-55A9B66C35FD}
		{3026B362-D78C-4EAF-AEBD-FB7AF2796E5E} = {2478192C-9788-40F8-81B5-30E0C839C45E}
		{08247948-7AC5-484A-80F1-44C20FE04E35} = {FEFF7CD2-544F-404D-BDF0-5E9A63953F18}
		{43074FF7-1469-4D37-AA18-1D1CC8966731} = {9983A326-B268-47AB-8B3C-0D4A4C06DCA9}
		{EC40E513-F5C2-45B3-B8B7-4026AE1F08DF} = {9983A326-B268-47AB-8B3C-0D4A4C06DCA9}
		{467826D7-7746-4DAB-82D2-E64A646751B3} = {9983A326-B268-47AB-8B3C-0D4A4C06DCA9}
		{AE1890A9-2EB1-479E-A775-AE57A63C5CB0} = {8098E001-45BA-43BD-ACFF-5E320E642D5C}
		{5896A2D4-FC75-46AB-B396-CCE42B4DA894} = {D991D271-11D2-420E-A006-FD6103DD03CA}
		{E58B3158-EE17-4C10-A45A-3A7FDA2F782F} = {D991D271-11D2-420E-A006-FD6103DD03CA}
		{4334F750-0AA0-4937-8FE7-438380B5AF25} = {D991D271-11D2-420E-A006-FD6103DD03CA}
		{F60B2966-14DB-4BC0-9832-C711F1EFB621} = {EC17FCD7-026B-460D-A9D3-E276D039DF96}
		{8FF5963A-C601-44CF-88AB-AEECBAEC7D50} = {B2901A95-57A1-47FF-BEA9-0D9EDB023177}
		{B2901A95-57A1-47FF-BEA9-0D9EDB023177} = {187B739C-35E4-4F43-8F3F-79AEF8B0C124}
		{D807B8B1-29C1-460E-8F34-1026DEA82BE2} = {B2901A95-57A1-47FF-BEA9-0D9EDB023177}
		{850F03F7-CC49-47D2-91F8-40AF4BB971E5} = {B2901A95-57A1-47FF-BEA9-0D9EDB023177}
		{D768407F-2412-4566-B950-35AE4ED683A6} = {D807B8B1-29C1-460E-8F34-1026DEA82BE2}
		{990FD088-C3EC-40F6-8FD0-BCDDDE043700} = {D807B8B1-29C1-460E-8F34-1026DEA82BE2}
		{E912BF87-C952-497F-B90D-346651AA8B37} = {B2901A95-57A1-47FF-BEA9-0D9EDB023177}
		{AF3C94A9-4671-4EBD-8AE3-3D3FCF52863D} = {E912BF87-C952-497F-B90D-346651AA8B37}
		{21157F68-6DF3-4243-A188-A5FE4C030345} = {850F03F7-CC49-47D2-91F8-40AF4BB971E5}
		{A4B6A1BF-AB06-4105-881A-174B6E602F37} = {850F03F7-CC49-47D2-91F8-40AF4BB971E5}
		{E7B5FD5C-13A6-462A-A89D-2FD735F5436D} = {990FD088-C3EC-40F6-8FD0-BCDDDE043700}
		{3E9AA0ED-2A92-439F-836F-6ED81D588DA2} = {D768407F-2412-4566-B950-35AE4ED683A6}
		{975C4C93-4F56-4217-AFFF-9D7F0084578B} = {D768407F-2412-4566-B950-35AE4ED683A6}
		{9BDA8F63-BC9E-492F-9B49-8E4D09FED960} = {850F03F7-CC49-47D2-91F8-40AF4BB971E5}
		{6DE4777F-1D78-450D-B4FA-10A4D59A29C9} = {990FD088-C3EC-40F6-8FD0-BCDDDE043700}
		{ACE230A5-FCCC-4BE2-AC70-9F206F1DC86B} = {8FF5963A-C601-44CF-88AB-AEECBAEC7D50}
		{670B359E-25FF-446B-B1B2-DE7A802C7016} = {8FF5963A-C601-44CF-88AB-AEECBAEC7D50}
		{222BD65C-B25C-4089-90A2-F4B5C1F4D9FF} = {D768407F-2412-4566-B950-35AE4ED683A6}
		{C63441D7-541B-4123-9D87-51606FD59B80} = {D768407F-2412-4566-B950-35AE4ED683A6}
		{D8D361A1-02A3-4FAB-B95A-5314AD7F336C} = {850F03F7-CC49-47D2-91F8-40AF4BB971E5}
	EndGlobalSection
	GlobalSection(ExtensibilityGlobals) = postSolution
		SolutionGuid = {B4440099-F079-4D89-BE86-F9E8E3CCAB36}
	EndGlobalSection
EndGlobal
